{
    "_readme": [
        "This file locks the dependencies of your project to a known state",
        "Read more about it at http://getcomposer.org/doc/01-basic-usage.md#composer-lock-the-lock-file",
        "This file is @generated automatically"
    ],
    "hash": "8ca6b6b80bab36b5287b4292abee988f",
    "packages": [
    ],
    "aliases": [],
    "minimum-stability": "dev",
    "stability-flags": {
        "bower-asset/jquery-ui": 0
    },
    "prefer-stable": false,
    "platform": {
        "php": ">=5.4.0",
        "ext-mbstring": "*",
        "lib-pcre": "*"
    },
    "platform-dev": []
}
